// !$*UTF8*$!
{
	archiveVersion = 1;
	classes = {
	};
	objectVersion = 50;
	objects = {

/* Begin PBXBuildFile section */
		FC01110F21F1F93B00080235 /* RestaurantDetailViewController.swift in Sources */ = {isa = PBXBuildFile; fileRef = FC01110E21F1F93B00080235 /* RestaurantDetailViewController.swift */; };
		FC01111121F2162000080235 /* Restaurant.swift in Sources */ = {isa = PBXBuildFile; fileRef = FC01111021F2162000080235 /* Restaurant.swift */; };
		FC01113A21F223E500080235 /* Rubik-LightItalic.ttf in Resources */ = {isa = PBXBuildFile; fileRef = FC01112E21F223E400080235 /* Rubik-LightItalic.ttf */; };
		FC01113C21F223E500080235 /* Rubik-Regular.ttf in Resources */ = {isa = PBXBuildFile; fileRef = FC01113021F223E400080235 /* Rubik-Regular.ttf */; };
		FC01113D21F223E500080235 /* Rubik-Light.ttf in Resources */ = {isa = PBXBuildFile; fileRef = FC01113121F223E400080235 /* Rubik-Light.ttf */; };
		FC01113E21F223E500080235 /* Rubik-BlackItalic.ttf in Resources */ = {isa = PBXBuildFile; fileRef = FC01113221F223E400080235 /* Rubik-BlackItalic.ttf */; };
		FC01113F21F223E500080235 /* Rubik-Black.ttf in Resources */ = {isa = PBXBuildFile; fileRef = FC01113321F223E400080235 /* Rubik-Black.ttf */; };
		FC01114021F223E500080235 /* OFL.txt in Resources */ = {isa = PBXBuildFile; fileRef = FC01113421F223E400080235 /* OFL.txt */; };
		FC01114121F223E500080235 /* Rubik-Bold.ttf in Resources */ = {isa = PBXBuildFile; fileRef = FC01113521F223E400080235 /* Rubik-Bold.ttf */; };
		FC01114221F223E500080235 /* Rubik-Medium.ttf in Resources */ = {isa = PBXBuildFile; fileRef = FC01113621F223E400080235 /* Rubik-Medium.ttf */; };
		FC01114321F223E500080235 /* Rubik-BoldItalic.ttf in Resources */ = {isa = PBXBuildFile; fileRef = FC01113721F223E400080235 /* Rubik-BoldItalic.ttf */; };
		FC01114421F223E500080235 /* Rubik-Italic.ttf in Resources */ = {isa = PBXBuildFile; fileRef = FC01113821F223E500080235 /* Rubik-Italic.ttf */; };
		FC01114521F223E500080235 /* Rubik-MediumItalic.ttf in Resources */ = {isa = PBXBuildFile; fileRef = FC01113921F223E500080235 /* Rubik-MediumItalic.ttf */; };
		FC109B8321F626F200BBC7CF /* MapKit.framework in Frameworks */ = {isa = PBXBuildFile; fileRef = FC109B8221F626F200BBC7CF /* MapKit.framework */; };
		FC109B8521F62A3300BBC7CF /* RestaurantDetailSeparatorCell.swift in Sources */ = {isa = PBXBuildFile; fileRef = FC109B8421F62A3300BBC7CF /* RestaurantDetailSeparatorCell.swift */; };
		FC109B8721F62C2200BBC7CF /* RestaurantDetailMapCell.swift in Sources */ = {isa = PBXBuildFile; fileRef = FC109B8621F62C2200BBC7CF /* RestaurantDetailMapCell.swift */; };
		FC109B8921F6347400BBC7CF /* MapViewController.swift in Sources */ = {isa = PBXBuildFile; fileRef = FC109B8821F6347400BBC7CF /* MapViewController.swift */; };
		FC1AE60621F2E2B500A21CEA /* RestaurantDetailHeaderView.swift in Sources */ = {isa = PBXBuildFile; fileRef = FC1AE60521F2E2B500A21CEA /* RestaurantDetailHeaderView.swift */; };
		FC1AE60821F2ED1D00A21CEA /* RestaurantDetailIconTextCell.swift in Sources */ = {isa = PBXBuildFile; fileRef = FC1AE60721F2ED1D00A21CEA /* RestaurantDetailIconTextCell.swift */; };
		FC1AE60A21F2EECC00A21CEA /* RestaurantDetailTextCell.swift in Sources */ = {isa = PBXBuildFile; fileRef = FC1AE60921F2EECC00A21CEA /* RestaurantDetailTextCell.swift */; };
		FC2BBC2521F613370025B0AA /* UIColor+Ext.swift in Sources */ = {isa = PBXBuildFile; fileRef = FC2BBC2421F613370025B0AA /* UIColor+Ext.swift */; };
		FC2BBC2721F6150E0025B0AA /* UINavigationController+Ext.swift in Sources */ = {isa = PBXBuildFile; fileRef = FC2BBC2621F6150E0025B0AA /* UINavigationController+Ext.swift */; };
		FCE0C1FC21F0BEEF0026CED3 /* AppDelegate.swift in Sources */ = {isa = PBXBuildFile; fileRef = FCE0C1FB21F0BEEF0026CED3 /* AppDelegate.swift */; };
		FCE0C20121F0BEEF0026CED3 /* Main.storyboard in Resources */ = {isa = PBXBuildFile; fileRef = FCE0C1FF21F0BEEF0026CED3 /* Main.storyboard */; };
		FCE0C20321F0BEF00026CED3 /* Assets.xcassets in Resources */ = {isa = PBXBuildFile; fileRef = FCE0C20221F0BEF00026CED3 /* Assets.xcassets */; };
		FCE0C20621F0BEF00026CED3 /* LaunchScreen.storyboard in Resources */ = {isa = PBXBuildFile; fileRef = FCE0C20421F0BEF00026CED3 /* LaunchScreen.storyboard */; };
		FCE0C20E21F0BFA60026CED3 /* RestaurantTableViewController.swift in Sources */ = {isa = PBXBuildFile; fileRef = FCE0C20D21F0BFA60026CED3 /* RestaurantTableViewController.swift */; };
		FCE0C21021F0C7A30026CED3 /* RestaurantTableViewCell.swift in Sources */ = {isa = PBXBuildFile; fileRef = FCE0C20F21F0C7A30026CED3 /* RestaurantTableViewCell.swift */; };
/* End PBXBuildFile section */

/* Begin PBXFileReference section */
		FC01110E21F1F93B00080235 /* RestaurantDetailViewController.swift */ = {isa = PBXFileReference; lastKnownFileType = sourcecode.swift; path = RestaurantDetailViewController.swift; sourceTree = "<group>"; };
		FC01111021F2162000080235 /* Restaurant.swift */ = {isa = PBXFileReference; lastKnownFileType = sourcecode.swift; path = Restaurant.swift; sourceTree = "<group>"; };
		FC01112E21F223E400080235 /* Rubik-LightItalic.ttf */ = {isa = PBXFileReference; lastKnownFileType = file; path = "Rubik-LightItalic.ttf"; sourceTree = "<group>"; };
		FC01113021F223E400080235 /* Rubik-Regular.ttf */ = {isa = PBXFileReference; lastKnownFileType = file; path = "Rubik-Regular.ttf"; sourceTree = "<group>"; };
		FC01113121F223E400080235 /* Rubik-Light.ttf */ = {isa = PBXFileReference; lastKnownFileType = file; path = "Rubik-Light.ttf"; sourceTree = "<group>"; };
		FC01113221F223E400080235 /* Rubik-BlackItalic.ttf */ = {isa = PBXFileReference; lastKnownFileType = file; path = "Rubik-BlackItalic.ttf"; sourceTree = "<group>"; };
		FC01113321F223E400080235 /* Rubik-Black.ttf */ = {isa = PBXFileReference; lastKnownFileType = file; path = "Rubik-Black.ttf"; sourceTree = "<group>"; };
		FC01113421F223E400080235 /* OFL.txt */ = {isa = PBXFileReference; fileEncoding = 4; lastKnownFileType = text; path = OFL.txt; sourceTree = "<group>"; };
		FC01113521F223E400080235 /* Rubik-Bold.ttf */ = {isa = PBXFileReference; lastKnownFileType = file; path = "Rubik-Bold.ttf"; sourceTree = "<group>"; };
		FC01113621F223E400080235 /* Rubik-Medium.ttf */ = {isa = PBXFileReference; lastKnownFileType = file; path = "Rubik-Medium.ttf"; sourceTree = "<group>"; };
		FC01113721F223E400080235 /* Rubik-BoldItalic.ttf */ = {isa = PBXFileReference; lastKnownFileType = file; path = "Rubik-BoldItalic.ttf"; sourceTree = "<group>"; };
		FC01113821F223E500080235 /* Rubik-Italic.ttf */ = {isa = PBXFileReference; lastKnownFileType = file; path = "Rubik-Italic.ttf"; sourceTree = "<group>"; };
		FC01113921F223E500080235 /* Rubik-MediumItalic.ttf */ = {isa = PBXFileReference; lastKnownFileType = file; path = "Rubik-MediumItalic.ttf"; sourceTree = "<group>"; };
		FC109B8221F626F200BBC7CF /* MapKit.framework */ = {isa = PBXFileReference; lastKnownFileType = wrapper.framework; name = MapKit.framework; path = System/Library/Frameworks/MapKit.framework; sourceTree = SDKROOT; };
		FC109B8421F62A3300BBC7CF /* RestaurantDetailSeparatorCell.swift */ = {isa = PBXFileReference; lastKnownFileType = sourcecode.swift; path = RestaurantDetailSeparatorCell.swift; sourceTree = "<group>"; };
		FC109B8621F62C2200BBC7CF /* RestaurantDetailMapCell.swift */ = {isa = PBXFileReference; lastKnownFileType = sourcecode.swift; path = RestaurantDetailMapCell.swift; sourceTree = "<group>"; };
		FC109B8821F6347400BBC7CF /* MapViewController.swift */ = {isa = PBXFileReference; lastKnownFileType = sourcecode.swift; path = MapViewController.swift; sourceTree = "<group>"; };
		FC1AE60521F2E2B500A21CEA /* RestaurantDetailHeaderView.swift */ = {isa = PBXFileReference; lastKnownFileType = sourcecode.swift; path = RestaurantDetailHeaderView.swift; sourceTree = "<group>"; };
		FC1AE60721F2ED1D00A21CEA /* RestaurantDetailIconTextCell.swift */ = {isa = PBXFileReference; lastKnownFileType = sourcecode.swift; path = RestaurantDetailIconTextCell.swift; sourceTree = "<group>"; };
		FC1AE60921F2EECC00A21CEA /* RestaurantDetailTextCell.swift */ = {isa = PBXFileReference; lastKnownFileType = sourcecode.swift; path = RestaurantDetailTextCell.swift; sourceTree = "<group>"; };
		FC2BBC2421F613370025B0AA /* UIColor+Ext.swift */ = {isa = PBXFileReference; lastKnownFileType = sourcecode.swift; path = "UIColor+Ext.swift"; sourceTree = "<group>"; };
		FC2BBC2621F6150E0025B0AA /* UINavigationController+Ext.swift */ = {isa = PBXFileReference; lastKnownFileType = sourcecode.swift; path = "UINavigationController+Ext.swift"; sourceTree = "<group>"; };
		FCE0C1F821F0BEEF0026CED3 /* FoodPin.app */ = {isa = PBXFileReference; explicitFileType = wrapper.application; includeInIndex = 0; path = FoodPin.app; sourceTree = BUILT_PRODUCTS_DIR; };
		FCE0C1FB21F0BEEF0026CED3 /* AppDelegate.swift */ = {isa = PBXFileReference; lastKnownFileType = sourcecode.swift; path = AppDelegate.swift; sourceTree = "<group>"; };
		FCE0C20021F0BEEF0026CED3 /* Base */ = {isa = PBXFileReference; lastKnownFileType = file.storyboard; name = Base; path = Base.lproj/Main.storyboard; sourceTree = "<group>"; };
		FCE0C20221F0BEF00026CED3 /* Assets.xcassets */ = {isa = PBXFileReference; lastKnownFileType = folder.assetcatalog; path = Assets.xcassets; sourceTree = "<group>"; };
		FCE0C20521F0BEF00026CED3 /* Base */ = {isa = PBXFileReference; lastKnownFileType = file.storyboard; name = Base; path = Base.lproj/LaunchScreen.storyboard; sourceTree = "<group>"; };
		FCE0C20721F0BEF00026CED3 /* Info.plist */ = {isa = PBXFileReference; lastKnownFileType = text.plist.xml; path = Info.plist; sourceTree = "<group>"; };
		FCE0C20D21F0BFA60026CED3 /* RestaurantTableViewController.swift */ = {isa = PBXFileReference; lastKnownFileType = sourcecode.swift; path = RestaurantTableViewController.swift; sourceTree = "<group>"; };
		FCE0C20F21F0C7A30026CED3 /* RestaurantTableViewCell.swift */ = {isa = PBXFileReference; lastKnownFileType = sourcecode.swift; path = RestaurantTableViewCell.swift; sourceTree = "<group>"; };
/* End PBXFileReference section */

/* Begin PBXFrameworksBuildPhase section */
		FCE0C1F521F0BEEF0026CED3 /* Frameworks */ = {
			isa = PBXFrameworksBuildPhase;
			buildActionMask = 2147483647;
			files = (
				FC109B8321F626F200BBC7CF /* MapKit.framework in Frameworks */,
			);
			runOnlyForDeploymentPostprocessing = 0;
		};
/* End PBXFrameworksBuildPhase section */

/* Begin PBXGroup section */
		FC01111221F21AB400080235 /* Controller */ = {
			isa = PBXGroup;
			children = (
				FCE0C20D21F0BFA60026CED3 /* RestaurantTableViewController.swift */,
				FC01110E21F1F93B00080235 /* RestaurantDetailViewController.swift */,
				FC109B8821F6347400BBC7CF /* MapViewController.swift */,
			);
			path = Controller;
			sourceTree = "<group>";
		};
		FC01111321F21AD600080235 /* Model */ = {
			isa = PBXGroup;
			children = (
				FC01111021F2162000080235 /* Restaurant.swift */,
			);
			path = Model;
			sourceTree = "<group>";
		};
		FC01111421F21AEF00080235 /* View */ = {
			isa = PBXGroup;
			children = (
				FCE0C20F21F0C7A30026CED3 /* RestaurantTableViewCell.swift */,
				FC1AE60521F2E2B500A21CEA /* RestaurantDetailHeaderView.swift */,
				FC1AE60721F2ED1D00A21CEA /* RestaurantDetailIconTextCell.swift */,
				FC1AE60921F2EECC00A21CEA /* RestaurantDetailTextCell.swift */,
				FC109B8421F62A3300BBC7CF /* RestaurantDetailSeparatorCell.swift */,
				FC109B8621F62C2200BBC7CF /* RestaurantDetailMapCell.swift */,
			);
			path = View;
			sourceTree = "<group>";
		};
		FC01111521F21B0A00080235 /* Storyboard */ = {
			isa = PBXGroup;
			children = (
				FCE0C1FF21F0BEEF0026CED3 /* Main.storyboard */,
				FCE0C20421F0BEF00026CED3 /* LaunchScreen.storyboard */,
			);
			path = Storyboard;
			sourceTree = "<group>";
		};
		FC01111621F2230E00080235 /* Resources */ = {
			isa = PBXGroup;
			children = (
				FC01111721F2232400080235 /* Fonts */,
			);
			path = Resources;
			sourceTree = "<group>";
		};
		FC01111721F2232400080235 /* Fonts */ = {
			isa = PBXGroup;
			children = (
				FC01113421F223E400080235 /* OFL.txt */,
				FC01113321F223E400080235 /* Rubik-Black.ttf */,
				FC01113221F223E400080235 /* Rubik-BlackItalic.ttf */,
				FC01113521F223E400080235 /* Rubik-Bold.ttf */,
				FC01113721F223E400080235 /* Rubik-BoldItalic.ttf */,
				FC01113821F223E500080235 /* Rubik-Italic.ttf */,
				FC01113121F223E400080235 /* Rubik-Light.ttf */,
				FC01112E21F223E400080235 /* Rubik-LightItalic.ttf */,
				FC01113621F223E400080235 /* Rubik-Medium.ttf */,
				FC01113921F223E500080235 /* Rubik-MediumItalic.ttf */,
				FC01113021F223E400080235 /* Rubik-Regular.ttf */,
			);
			path = Fonts;
			sourceTree = "<group>";
		};
		FC109B8121F626F200BBC7CF /* Frameworks */ = {
			isa = PBXGroup;
			children = (
				FC109B8221F626F200BBC7CF /* MapKit.framework */,
			);
			name = Frameworks;
			sourceTree = "<group>";
		};
		FC2BBC2321F613120025B0AA /* Extensions */ = {
			isa = PBXGroup;
			children = (
				FC2BBC2421F613370025B0AA /* UIColor+Ext.swift */,
				FC2BBC2621F6150E0025B0AA /* UINavigationController+Ext.swift */,
			);
			path = Extensions;
			sourceTree = "<group>";
		};
		FCE0C1EF21F0BEEF0026CED3 = {
			isa = PBXGroup;
			children = (
				FCE0C1FA21F0BEEF0026CED3 /* FoodPin */,
				FCE0C1F921F0BEEF0026CED3 /* Products */,
				FC109B8121F626F200BBC7CF /* Frameworks */,
			);
			sourceTree = "<group>";
		};
		FCE0C1F921F0BEEF0026CED3 /* Products */ = {
			isa = PBXGroup;
			children = (
				FCE0C1F821F0BEEF0026CED3 /* FoodPin.app */,
			);
			name = Products;
			sourceTree = "<group>";
		};
		FCE0C1FA21F0BEEF0026CED3 /* FoodPin */ = {
			isa = PBXGroup;
			children = (
				FC01111321F21AD600080235 /* Model */,
				FC01111421F21AEF00080235 /* View */,
				FC01111221F21AB400080235 /* Controller */,
				FC01111521F21B0A00080235 /* Storyboard */,
				FC2BBC2321F613120025B0AA /* Extensions */,
				FC01111621F2230E00080235 /* Resources */,
				FCE0C20221F0BEF00026CED3 /* Assets.xcassets */,
				FCE0C1FB21F0BEEF0026CED3 /* AppDelegate.swift */,
				FCE0C20721F0BEF00026CED3 /* Info.plist */,
			);
			path = FoodPin;
			sourceTree = "<group>";
		};
/* End PBXGroup section */

/* Begin PBXNativeTarget section */
		FCE0C1F721F0BEEF0026CED3 /* FoodPin */ = {
			isa = PBXNativeTarget;
			buildConfigurationList = FCE0C20A21F0BEF00026CED3 /* Build configuration list for PBXNativeTarget "FoodPin" */;
			buildPhases = (
				FCE0C1F421F0BEEF0026CED3 /* Sources */,
				FCE0C1F521F0BEEF0026CED3 /* Frameworks */,
				FCE0C1F621F0BEEF0026CED3 /* Resources */,
			);
			buildRules = (
			);
			dependencies = (
			);
			name = FoodPin;
			productName = FoodPin;
			productReference = FCE0C1F821F0BEEF0026CED3 /* FoodPin.app */;
			productType = "com.apple.product-type.application";
		};
/* End PBXNativeTarget section */

/* Begin PBXProject section */
		FCE0C1F021F0BEEF0026CED3 /* Project object */ = {
			isa = PBXProject;
			attributes = {
				LastSwiftUpdateCheck = 1000;
				LastUpgradeCheck = 1000;
				ORGANIZATIONNAME = Atom;
				TargetAttributes = {
					FCE0C1F721F0BEEF0026CED3 = {
						CreatedOnToolsVersion = 10.0;
						SystemCapabilities = {
							com.apple.Maps.iOS = {
								enabled = 1;
							};
						};
					};
				};
			};
			buildConfigurationList = FCE0C1F321F0BEEF0026CED3 /* Build configuration list for PBXProject "FoodPin" */;
			compatibilityVersion = "Xcode 9.3";
			developmentRegion = en;
			hasScannedForEncodings = 0;
			knownRegions = (
				en,
				Base,
			);
			mainGroup = FCE0C1EF21F0BEEF0026CED3;
			productRefGroup = FCE0C1F921F0BEEF0026CED3 /* Products */;
			projectDirPath = "";
			projectRoot = "";
			targets = (
				FCE0C1F721F0BEEF0026CED3 /* FoodPin */,
			);
		};
/* End PBXProject section */

/* Begin PBXResourcesBuildPhase section */
		FCE0C1F621F0BEEF0026CED3 /* Resources */ = {
			isa = PBXResourcesBuildPhase;
			buildActionMask = 2147483647;
			files = (
				FC01114121F223E500080235 /* Rubik-Bold.ttf in Resources */,
				FC01114021F223E500080235 /* OFL.txt in Resources */,
				FCE0C20621F0BEF00026CED3 /* LaunchScreen.storyboard in Resources */,
				FC01114221F223E500080235 /* Rubik-Medium.ttf in Resources */,
				FC01114421F223E500080235 /* Rubik-Italic.ttf in Resources */,
				FC01113C21F223E500080235 /* Rubik-Regular.ttf in Resources */,
				FC01113A21F223E500080235 /* Rubik-LightItalic.ttf in Resources */,
				FC01114521F223E500080235 /* Rubik-MediumItalic.ttf in Resources */,
				FCE0C20321F0BEF00026CED3 /* Assets.xcassets in Resources */,
				FC01113D21F223E500080235 /* Rubik-Light.ttf in Resources */,
				FC01113F21F223E500080235 /* Rubik-Black.ttf in Resources */,
				FC01113E21F223E500080235 /* Rubik-BlackItalic.ttf in Resources */,
				FC01114321F223E500080235 /* Rubik-BoldItalic.ttf in Resources */,
				FCE0C20121F0BEEF0026CED3 /* Main.storyboard in Resources */,
			);
			runOnlyForDeploymentPostprocessing = 0;
		};
/* End PBXResourcesBuildPhase section */

/* Begin PBXSourcesBuildPhase section */
		FCE0C1F421F0BEEF0026CED3 /* Sources */ = {
			isa = PBXSourcesBuildPhase;
			buildActionMask = 2147483647;
			files = (
				FC1AE60621F2E2B500A21CEA /* RestaurantDetailHeaderView.swift in Sources */,
				FC01111121F2162000080235 /* Restaurant.swift in Sources */,
				FC109B8721F62C2200BBC7CF /* RestaurantDetailMapCell.swift in Sources */,
				FC1AE60A21F2EECC00A21CEA /* RestaurantDetailTextCell.swift in Sources */,
				FCE0C20E21F0BFA60026CED3 /* RestaurantTableViewController.swift in Sources */,
				FCE0C21021F0C7A30026CED3 /* RestaurantTableViewCell.swift in Sources */,
				FC109B8921F6347400BBC7CF /* MapViewController.swift in Sources */,
				FC1AE60821F2ED1D00A21CEA /* RestaurantDetailIconTextCell.swift in Sources */,
				FC2BBC2721F6150E0025B0AA /* UINavigationController+Ext.swift in Sources */,
				FC2BBC2521F613370025B0AA /* UIColor+Ext.swift in Sources */,
				FC01110F21F1F93B00080235 /* RestaurantDetailViewController.swift in Sources */,
				FC109B8521F62A3300BBC7CF /* RestaurantDetailSeparatorCell.swift in Sources */,
				FCE0C1FC21F0BEEF0026CED3 /* AppDelegate.swift in Sources */,
			);
			runOnlyForDeploymentPostprocessing = 0;
		};
/* End PBXSourcesBuildPhase section */

/* Begin PBXVariantGroup section */
		FCE0C1FF21F0BEEF0026CED3 /* Main.storyboard */ = {
			isa = PBXVariantGroup;
			children = (
				FCE0C20021F0BEEF0026CED3 /* Base */,
			);
			name = Main.storyboard;
			sourceTree = "<group>";
		};
		FCE0C20421F0BEF00026CED3 /* LaunchScreen.storyboard */ = {
			isa = PBXVariantGroup;
			children = (
				FCE0C20521F0BEF00026CED3 /* Base */,
			);
			name = LaunchScreen.storyboard;
			sourceTree = "<group>";
		};
/* End PBXVariantGroup section */

/* Begin XCBuildConfiguration section */
		FCE0C20821F0BEF00026CED3 /* Debug */ = {
			isa = XCBuildConfiguration;
			buildSettings = {
				ALWAYS_SEARCH_USER_PATHS = NO;
				CLANG_ANALYZER_NONNULL = YES;
				CLANG_ANALYZER_NUMBER_OBJECT_CONVERSION = YES_AGGRESSIVE;
				CLANG_CXX_LANGUAGE_STANDARD = "gnu++14";
				CLANG_CXX_LIBRARY = "libc++";
				CLANG_ENABLE_MODULES = YES;
				CLANG_ENABLE_OBJC_ARC = YES;
				CLANG_ENABLE_OBJC_WEAK = YES;
				CLANG_WARN_BLOCK_CAPTURE_AUTORELEASING = YES;
				CLANG_WARN_BOOL_CONVERSION = YES;
				CLANG_WARN_COMMA = YES;
				CLANG_WARN_CONSTANT_CONVERSION = YES;
				CLANG_WARN_DEPRECATED_OBJC_IMPLEMENTATIONS = YES;
				CLANG_WARN_DIRECT_OBJC_ISA_USAGE = YES_ERROR;
				CLANG_WARN_DOCUMENTATION_COMMENTS = YES;
				CLANG_WARN_EMPTY_BODY = YES;
				CLANG_WARN_ENUM_CONVERSION = YES;
				CLANG_WARN_INFINITE_RECURSION = YES;
				CLANG_WARN_INT_CONVERSION = YES;
				CLANG_WARN_NON_LITERAL_NULL_CONVERSION = YES;
				CLANG_WARN_OBJC_IMPLICIT_RETAIN_SELF = YES;
				CLANG_WARN_OBJC_LITERAL_CONVERSION = YES;
				CLANG_WARN_OBJC_ROOT_CLASS = YES_ERROR;
				CLANG_WARN_RANGE_LOOP_ANALYSIS = YES;
				CLANG_WARN_STRICT_PROTOTYPES = YES;
				CLANG_WARN_SUSPICIOUS_MOVE = YES;
				CLANG_WARN_UNGUARDED_AVAILABILITY = YES_AGGRESSIVE;
				CLANG_WARN_UNREACHABLE_CODE = YES;
				CLANG_WARN__DUPLICATE_METHOD_MATCH = YES;
				CODE_SIGN_IDENTITY = "iPhone Developer";
				COPY_PHASE_STRIP = NO;
				DEBUG_INFORMATION_FORMAT = dwarf;
				ENABLE_STRICT_OBJC_MSGSEND = YES;
				ENABLE_TESTABILITY = YES;
				GCC_C_LANGUAGE_STANDARD = gnu11;
				GCC_DYNAMIC_NO_PIC = NO;
				GCC_NO_COMMON_BLOCKS = YES;
				GCC_OPTIMIZATION_LEVEL = 0;
				GCC_PREPROCESSOR_DEFINITIONS = (
					"DEBUG=1",
					"$(inherited)",
				);
				GCC_WARN_64_TO_32_BIT_CONVERSION = YES;
				GCC_WARN_ABOUT_RETURN_TYPE = YES_ERROR;
				GCC_WARN_UNDECLARED_SELECTOR = YES;
				GCC_WARN_UNINITIALIZED_AUTOS = YES_AGGRESSIVE;
				GCC_WARN_UNUSED_FUNCTION = YES;
				GCC_WARN_UNUSED_VARIABLE = YES;
				IPHONEOS_DEPLOYMENT_TARGET = 12.0;
				MTL_ENABLE_DEBUG_INFO = INCLUDE_SOURCE;
				MTL_FAST_MATH = YES;
				ONLY_ACTIVE_ARCH = YES;
				SDKROOT = iphoneos;
				SWIFT_ACTIVE_COMPILATION_CONDITIONS = DEBUG;
				SWIFT_OPTIMIZATION_LEVEL = "-Onone";
			};
			name = Debug;
		};
		FCE0C20921F0BEF00026CED3 /* Release */ = {
			isa = XCBuildConfiguration;
			buildSettings = {
				ALWAYS_SEARCH_USER_PATHS = NO;
				CLANG_ANALYZER_NONNULL = YES;
				CLANG_ANALYZER_NUMBER_OBJECT_CONVERSION = YES_AGGRESSIVE;
				CLANG_CXX_LANGUAGE_STANDARD = "gnu++14";
				CLANG_CXX_LIBRARY = "libc++";
				CLANG_ENABLE_MODULES = YES;
				CLANG_ENABLE_OBJC_ARC = YES;
				CLANG_ENABLE_OBJC_WEAK = YES;
				CLANG_WARN_BLOCK_CAPTURE_AUTORELEASING = YES;
				CLANG_WARN_BOOL_CONVERSION = YES;
				CLANG_WARN_COMMA = YES;
				CLANG_WARN_CONSTANT_CONVERSION = YES;
				CLANG_WARN_DEPRECATED_OBJC_IMPLEMENTATIONS = YES;
				CLANG_WARN_DIRECT_OBJC_ISA_USAGE = YES_ERROR;
				CLANG_WARN_DOCUMENTATION_COMMENTS = YES;
				CLANG_WARN_EMPTY_BODY = YES;
				CLANG_WARN_ENUM_CONVERSION = YES;
				CLANG_WARN_INFINITE_RECURSION = YES;
				CLANG_WARN_INT_CONVERSION = YES;
				CLANG_WARN_NON_LITERAL_NULL_CONVERSION = YES;
				CLANG_WARN_OBJC_IMPLICIT_RETAIN_SELF = YES;
				CLANG_WARN_OBJC_LITERAL_CONVERSION = YES;
				CLANG_WARN_OBJC_ROOT_CLASS = YES_ERROR;
				CLANG_WARN_RANGE_LOOP_ANALYSIS = YES;
				CLANG_WARN_STRICT_PROTOTYPES = YES;
				CLANG_WARN_SUSPICIOUS_MOVE = YES;
				CLANG_WARN_UNGUARDED_AVAILABILITY = YES_AGGRESSIVE;
				CLANG_WARN_UNREACHABLE_CODE = YES;
				CLANG_WARN__DUPLICATE_METHOD_MATCH = YES;
				CODE_SIGN_IDENTITY = "iPhone Developer";
				COPY_PHASE_STRIP = NO;
				DEBUG_INFORMATION_FORMAT = "dwarf-with-dsym";
				ENABLE_NS_ASSERTIONS = NO;
				ENABLE_STRICT_OBJC_MSGSEND = YES;
				GCC_C_LANGUAGE_STANDARD = gnu11;
				GCC_NO_COMMON_BLOCKS = YES;
				GCC_WARN_64_TO_32_BIT_CONVERSION = YES;
				GCC_WARN_ABOUT_RETURN_TYPE = YES_ERROR;
				GCC_WARN_UNDECLARED_SELECTOR = YES;
				GCC_WARN_UNINITIALIZED_AUTOS = YES_AGGRESSIVE;
				GCC_WARN_UNUSED_FUNCTION = YES;
				GCC_WARN_UNUSED_VARIABLE = YES;
				IPHONEOS_DEPLOYMENT_TARGET = 12.0;
				MTL_ENABLE_DEBUG_INFO = NO;
				MTL_FAST_MATH = YES;
				SDKROOT = iphoneos;
				SWIFT_COMPILATION_MODE = wholemodule;
				SWIFT_OPTIMIZATION_LEVEL = "-O";
				VALIDATE_PRODUCT = YES;
			};
			name = Release;
		};
		FCE0C20B21F0BEF00026CED3 /* Debug */ = {
			isa = XCBuildConfiguration;
			buildSettings = {
				ASSETCATALOG_COMPILER_APPICON_NAME = AppIcon;
				CODE_SIGN_STYLE = Automatic;
				INFOPLIST_FILE = FoodPin/Info.plist;
				LD_RUNPATH_SEARCH_PATHS = (
					"$(inherited)",
					"@executable_path/Frameworks",
				);
				PRODUCT_BUNDLE_IDENTIFIER = com.atom.FoodPin;
				PRODUCT_NAME = "$(TARGET_NAME)";
				SWIFT_VERSION = 4.2;
				TARGETED_DEVICE_FAMILY = "1,2";
			};
			name = Debug;
		};
		FCE0C20C21F0BEF00026CED3 /* Release */ = {
			isa = XCBuildConfiguration;
			buildSettings = {
				ASSETCATALOG_COMPILER_APPICON_NAME = AppIcon;
				CODE_SIGN_STYLE = Automatic;
				INFOPLIST_FILE = FoodPin/Info.plist;
				LD_RUNPATH_SEARCH_PATHS = (
					"$(inherited)",
					"@executable_path/Frameworks",
				);
				PRODUCT_BUNDLE_IDENTIFIER = com.atom.FoodPin;
				PRODUCT_NAME = "$(TARGET_NAME)";
				SWIFT_VERSION = 4.2;
				TARGETED_DEVICE_FAMILY = "1,2";
			};
			name = Release;
		};
/* End XCBuildConfiguration section */

/* Begin XCConfigurationList section */
		FCE0C1F321F0BEEF0026CED3 /* Build configuration list for PBXProject "FoodPin" */ = {
			isa = XCConfigurationList;
			buildConfigurations = (
				FCE0C20821F0BEF00026CED3 /* Debug */,
				FCE0C20921F0BEF00026CED3 /* Release */,
			);
			defaultConfigurationIsVisible = 0;
			defaultConfigurationName = Release;
		};
		FCE0C20A21F0BEF00026CED3 /* Build configuration list for PBXNativeTarget "FoodPin" */ = {
			isa = XCConfigurationList;
			buildConfigurations = (
				FCE0C20B21F0BEF00026CED3 /* Debug */,
				FCE0C20C21F0BEF00026CED3 /* Release */,
			);
			defaultConfigurationIsVisible = 0;
			defaultConfigurationName = Release;
		};
/* End XCConfigurationList section */
	};
	rootObject = FCE0C1F021F0BEEF0026CED3 /* Project object */;
}
